
Microsoft Visual Studio Solution File, Format Version 12.00
# Visual Studio Version 16
VisualStudioVersion = 16.0.29424.173
MinimumVisualStudioVersion = 10.0.40219.1
Project("{FAE04EC0-301F-11D3-BF4B-00C04F79EFBC}") = "HomeWork5", "HomeWork5.csproj", "{94526944-E08B-43B9-861D-595D6A7739D5}"
EndProject
Global
	GlobalSection(SolutionConfigurationPlatforms) = preSolution
		Debug|Any CPU = Debug|Any CPU
		Release|Any CPU = Release|Any CPU
	EndGlobalSection
	GlobalSection(ProjectConfigurationPlatforms) = postSolution
		{94526944-E08B-43B9-861D-595D6A7739D5}.Debug|Any CPU.ActiveCfg = Debug|Any CPU
		{94526944-E08B-43B9-861D-595D6A7739D5}.Debug|Any CPU.Build.0 = Debug|Any CPU
		{94526944-E08B-43B9-861D-595D6A7739D5}.Release|Any CPU.ActiveCfg = Release|Any CPU
		{94526944-E08B-43B9-861D-595D6A7739D5}.Release|Any CPU.Build.0 = Release|Any CPU
	EndGlobalSection
	GlobalSection(SolutionProperties) = preSolution
		HideSolutionNode = FALSE
	EndGlobalSection
	GlobalSection(ExtensibilityGlobals) = postSolution
		SolutionGuid = {E15DC54B-177F-4CC2-B34A-1A13A9DCC698}
	EndGlobalSection
EndGlobal
